// !$*UTF8*$!
{
	archiveVersion = 1;
	classes = {
	};
	objectVersion = 46;
	objects = {

/* Begin PBXBuildFile section */
		4DABE99D1C8E7775007DE158 /* AppDelegate.swift in Sources */ = {isa = PBXBuildFile; fileRef = 4DABE99C1C8E7775007DE158 /* AppDelegate.swift */; };
		4DABE99F1C8E7775007DE158 /* ViewController.swift in Sources */ = {isa = PBXBuildFile; fileRef = 4DABE99E1C8E7775007DE158 /* ViewController.swift */; };
		4DABE9A21C8E7775007DE158 /* Main.storyboard in Resources */ = {isa = PBXBuildFile; fileRef = 4DABE9A01C8E7775007DE158 /* Main.storyboard */; };
		4DABE9A41C8E7775007DE158 /* Assets.xcassets in Resources */ = {isa = PBXBuildFile; fileRef = 4DABE9A31C8E7775007DE158 /* Assets.xcassets */; };
		4DABE9A71C8E7775007DE158 /* LaunchScreen.storyboard in Resources */ = {isa = PBXBuildFile; fileRef = 4DABE9A51C8E7775007DE158 /* LaunchScreen.storyboard */; };
		4DABE9B21C8E7775007DE158 /* SuperCoolTests.swift in Sources */ = {isa = PBXBuildFile; fileRef = 4DABE9B11C8E7775007DE158 /* SuperCoolTests.swift */; };
		4DABE9BD1C8E7775007DE158 /* SuperCoolUITests.swift in Sources */ = {isa = PBXBuildFile; fileRef = 4DABE9BC1C8E7775007DE158 /* SuperCoolUITests.swift */; };
/* End PBXBuildFile section */

/* Begin PBXContainerItemProxy section */
		4DABE9AE1C8E7775007DE158 /* PBXContainerItemProxy */ = {
			isa = PBXContainerItemProxy;
			containerPortal = 4DABE9911C8E7774007DE158 /* Project object */;
			proxyType = 1;
			remoteGlobalIDString = 4DABE9981C8E7774007DE158;
			remoteInfo = SuperCool;
		};
		4DABE9B91C8E7775007DE158 /* PBXContainerItemProxy */ = {
			isa = PBXContainerItemProxy;
			containerPortal = 4DABE9911C8E7774007DE158 /* Project object */;
			proxyType = 1;
			remoteGlobalIDString = 4DABE9981C8E7774007DE158;
			remoteInfo = SuperCool;
		};
/* End PBXContainerItemProxy section */

/* Begin PBXFileReference section */
		4DABE9991C8E7775007DE158 /* SuperCool.app */ = {isa = PBXFileReference; explicitFileType = wrapper.application; includeInIndex = 0; path = SuperCool.app; sourceTree = BUILT_PRODUCTS_DIR; };
		4DABE99C1C8E7775007DE158 /* AppDelegate.swift */ = {isa = PBXFileReference; lastKnownFileType = sourcecode.swift; path = AppDelegate.swift; sourceTree = "<group>"; };
		4DABE99E1C8E7775007DE158 /* ViewController.swift */ = {isa = PBXFileReference; lastKnownFileType = sourcecode.swift; path = ViewController.swift; sourceTree = "<group>"; };
		4DABE9A11C8E7775007DE158 /* Base */ = {isa = PBXFileReference; lastKnownFileType = file.storyboard; name = Base; path = Base.lproj/Main.storyboard; sourceTree = "<group>"; };
		4DABE9A31C8E7775007DE158 /* Assets.xcassets */ = {isa = PBXFileReference; lastKnownFileType = folder.assetcatalog; path = Assets.xcassets; sourceTree = "<group>"; };
		4DABE9A61C8E7775007DE158 /* Base */ = {isa = PBXFileReference; lastKnownFileType = file.storyboard; name = Base; path = Base.lproj/LaunchScreen.storyboard; sourceTree = "<group>"; };
		4DABE9A81C8E7775007DE158 /* Info.plist */ = {isa = PBXFileReference; lastKnownFileType = text.plist.xml; path = Info.plist; sourceTree = "<group>"; };
		4DABE9AD1C8E7775007DE158 /* SuperCoolTests.xctest */ = {isa = PBXFileReference; explicitFileType = wrapper.cfbundle; includeInIndex = 0; path = SuperCoolTests.xctest; sourceTree = BUILT_PRODUCTS_DIR; };
		4DABE9B11C8E7775007DE158 /* SuperCoolTests.swift */ = {isa = PBXFileReference; lastKnownFileType = sourcecode.swift; path = SuperCoolTests.swift; sourceTree = "<group>"; };
		4DABE9B31C8E7775007DE158 /* Info.plist */ = {isa = PBXFileReference; lastKnownFileType = text.plist.xml; path = Info.plist; sourceTree = "<group>"; };
		4DABE9B81C8E7775007DE158 /* SuperCoolUITests.xctest */ = {isa = PBXFileReference; explicitFileType = wrapper.cfbundle; includeInIndex = 0; path = SuperCoolUITests.xctest; sourceTree = BUILT_PRODUCTS_DIR; };
		4DABE9BC1C8E7775007DE158 /* SuperCoolUITests.swift */ = {isa = PBXFileReference; lastKnownFileType = sourcecode.swift; path = SuperCoolUITests.swift; sourceTree = "<group>"; };
		4DABE9BE1C8E7775007DE158 /* Info.plist */ = {isa = PBXFileReference; lastKnownFileType = text.plist.xml; path = Info.plist; sourceTree = "<group>"; };
/* End PBXFileReference section */

/* Begin PBXFrameworksBuildPhase section */
		4DABE9961C8E7774007DE158 /* Frameworks */ = {
			isa = PBXFrameworksBuildPhase;
			buildActionMask = 2147483647;
			files = (
			);
			runOnlyForDeploymentPostprocessing = 0;
		};
		4DABE9AA1C8E7775007DE158 /* Frameworks */ = {
			isa = PBXFrameworksBuildPhase;
			buildActionMask = 2147483647;
			files = (
			);
			runOnlyForDeploymentPostprocessing = 0;
		};
		4DABE9B51C8E7775007DE158 /* Frameworks */ = {
			isa = PBXFrameworksBuildPhase;
			buildActionMask = 2147483647;
			files = (
			);
			runOnlyForDeploymentPostprocessing = 0;
		};
/* End PBXFrameworksBuildPhase section */

/* Begin PBXGroup section */
		4DABE9901C8E7774007DE158 = {
			isa = PBXGroup;
			children = (
				4DABE99B1C8E7775007DE158 /* SuperCool */,
				4DABE9B01C8E7775007DE158 /* SuperCoolTests */,
				4DABE9BB1C8E7775007DE158 /* SuperCoolUITests */,
				4DABE99A1C8E7775007DE158 /* Products */,
			);
			sourceTree = "<group>";
		};
		4DABE99A1C8E7775007DE158 /* Products */ = {
			isa = PBXGroup;
			children = (
				4DABE9991C8E7775007DE158 /* SuperCool.app */,
				4DABE9AD1C8E7775007DE158 /* SuperCoolTests.xctest */,
				4DABE9B81C8E7775007DE158 /* SuperCoolUITests.xctest */,
			);
			name = Products;
			sourceTree = "<group>";
		};
		4DABE99B1C8E7775007DE158 /* SuperCool */ = {
			isa = PBXGroup;
			children = (
				4DABE99C1C8E7775007DE158 /* AppDelegate.swift */,
				4DABE99E1C8E7775007DE158 /* ViewController.swift */,
				4DABE9A01C8E7775007DE158 /* Main.storyboard */,
				4DABE9A31C8E7775007DE158 /* Assets.xcassets */,
				4DABE9A51C8E7775007DE158 /* LaunchScreen.storyboard */,
				4DABE9A81C8E7775007DE158 /* Info.plist */,
			);
			path = SuperCool;
			sourceTree = "<group>";
		};
		4DABE9B01C8E7775007DE158 /* SuperCoolTests */ = {
			isa = PBXGroup;
			children = (
				4DABE9B11C8E7775007DE158 /* SuperCoolTests.swift */,
				4DABE9B31C8E7775007DE158 /* Info.plist */,
			);
			path = SuperCoolTests;
			sourceTree = "<group>";
		};
		4DABE9BB1C8E7775007DE158 /* SuperCoolUITests */ = {
			isa = PBXGroup;
			children = (
				4DABE9BC1C8E7775007DE158 /* SuperCoolUITests.swift */,
				4DABE9BE1C8E7775007DE158 /* Info.plist */,
			);
			path = SuperCoolUITests;
			sourceTree = "<group>";
		};
/* End PBXGroup section */

/* Begin PBXNativeTarget section */
		4DABE9981C8E7774007DE158 /* SuperCool */ = {
			isa = PBXNativeTarget;
			buildConfigurationList = 4DABE9C11C8E7775007DE158 /* Build configuration list for PBXNativeTarget "SuperCool" */;
			buildPhases = (
				4DABE9951C8E7774007DE158 /* Sources */,
				4DABE9961C8E7774007DE158 /* Frameworks */,
				4DABE9971C8E7774007DE158 /* Resources */,
			);
			buildRules = (
			);
			dependencies = (
			);
			name = SuperCool;
			productName = SuperCool;
			productReference = 4DABE9991C8E7775007DE158 /* SuperCool.app */;
			productType = "com.apple.product-type.application";
		};
		4DABE9AC1C8E7775007DE158 /* SuperCoolTests */ = {
			isa = PBXNativeTarget;
			buildConfigurationList = 4DABE9C41C8E7775007DE158 /* Build configuration list for PBXNativeTarget "SuperCoolTests" */;
			buildPhases = (
				4DABE9A91C8E7775007DE158 /* Sources */,
				4DABE9AA1C8E7775007DE158 /* Frameworks */,
				4DABE9AB1C8E7775007DE158 /* Resources */,
			);
			buildRules = (
			);
			dependencies = (
				4DABE9AF1C8E7775007DE158 /* PBXTargetDependency */,
			);
			name = SuperCoolTests;
			productName = SuperCoolTests;
			productReference = 4DABE9AD1C8E7775007DE158 /* SuperCoolTests.xctest */;
			productType = "com.apple.product-type.bundle.unit-test";
		};
		4DABE9B71C8E7775007DE158 /* SuperCoolUITests */ = {
			isa = PBXNativeTarget;
			buildConfigurationList = 4DABE9C71C8E7775007DE158 /* Build configuration list for PBXNativeTarget "SuperCoolUITests" */;
			buildPhases = (
				4DABE9B41C8E7775007DE158 /* Sources */,
				4DABE9B51C8E7775007DE158 /* Frameworks */,
				4DABE9B61C8E7775007DE158 /* Resources */,
			);
			buildRules = (
			);
			dependencies = (
				4DABE9BA1C8E7775007DE158 /* PBXTargetDependency */,
			);
			name = SuperCoolUITests;
			productName = SuperCoolUITests;
			productReference = 4DABE9B81C8E7775007DE158 /* SuperCoolUITests.xctest */;
			productType = "com.apple.product-type.bundle.ui-testing";
		};
/* End PBXNativeTarget section */

/* Begin PBXProject section */
		4DABE9911C8E7774007DE158 /* Project object */ = {
			isa = PBXProject;
			attributes = {
				LastSwiftUpdateCheck = 0720;
				LastUpgradeCheck = 0720;
				ORGANIZATIONNAME = "Aaron Hiller";
				TargetAttributes = {
					4DABE9981C8E7774007DE158 = {
						CreatedOnToolsVersion = 7.2.1;
					};
					4DABE9AC1C8E7775007DE158 = {
						CreatedOnToolsVersion = 7.2.1;
						TestTargetID = 4DABE9981C8E7774007DE158;
					};
					4DABE9B71C8E7775007DE158 = {
						CreatedOnToolsVersion = 7.2.1;
						TestTargetID = 4DABE9981C8E7774007DE158;
					};
				};
			};
			buildConfigurationList = 4DABE9941C8E7774007DE158 /* Build configuration list for PBXProject "SuperCool" */;
			compatibilityVersion = "Xcode 3.2";
			developmentRegion = English;
			hasScannedForEncodings = 0;
			knownRegions = (
				en,
				Base,
			);
			mainGroup = 4DABE9901C8E7774007DE158;
			productRefGroup = 4DABE99A1C8E7775007DE158 /* Products */;
			projectDirPath = "";
			projectRoot = "";
			targets = (
				4DABE9981C8E7774007DE158 /* SuperCool */,
				4DABE9AC1C8E7775007DE158 /* SuperCoolTests */,
				4DABE9B71C8E7775007DE158 /* SuperCoolUITests */,
			);
		};
/* End PBXProject section */

/* Begin PBXResourcesBuildPhase section */
		4DABE9971C8E7774007DE158 /* Resources */ = {
			isa = PBXResourcesBuildPhase;
			buildActionMask = 2147483647;
			files = (
				4DABE9A71C8E7775007DE158 /* LaunchScreen.storyboard in Resources */,
				4DABE9A41C8E7775007DE158 /* Assets.xcassets in Resources */,
				4DABE9A21C8E7775007DE158 /* Main.storyboard in Resources */,
			);
			runOnlyForDeploymentPostprocessing = 0;
		};
		4DABE9AB1C8E7775007DE158 /* Resources */ = {
			isa = PBXResourcesBuildPhase;
			buildActionMask = 2147483647;
			files = (
			);
			runOnlyForDeploymentPostprocessing = 0;
		};
		4DABE9B61C8E7775007DE158 /* Resources */ = {
			isa = PBXResourcesBuildPhase;
			buildActionMask = 2147483647;
			files = (
			);
			runOnlyForDeploymentPostprocessing = 0;
		};
/* End PBXResourcesBuildPhase section */

/* Begin PBXSourcesBuildPhase section */
		4DABE9951C8E7774007DE158 /* Sources */ = {
			isa = PBXSourcesBuildPhase;
			buildActionMask = 2147483647;
			files = (
				4DABE99F1C8E7775007DE158 /* ViewController.swift in Sources */,
				4DABE99D1C8E7775007DE158 /* AppDelegate.swift in Sources */,
			);
			runOnlyForDeploymentPostprocessing = 0;
		};
		4DABE9A91C8E7775007DE158 /* Sources */ = {
			isa = PBXSourcesBuildPhase;
			buildActionMask = 2147483647;
			files = (
				4DABE9B21C8E7775007DE158 /* SuperCoolTests.swift in Sources */,
			);
			runOnlyForDeploymentPostprocessing = 0;
		};
		4DABE9B41C8E7775007DE158 /* Sources */ = {
			isa = PBXSourcesBuildPhase;
			buildActionMask = 2147483647;
			files = (
				4DABE9BD1C8E7775007DE158 /* SuperCoolUITests.swift in Sources */,
			);
			runOnlyForDeploymentPostprocessing = 0;
		};
/* End PBXSourcesBuildPhase section */

/* Begin PBXTargetDependency section */
		4DABE9AF1C8E7775007DE158 /* PBXTargetDependency */ = {
			isa = PBXTargetDependency;
			target = 4DABE9981C8E7774007DE158 /* SuperCool */;
			targetProxy = 4DABE9AE1C8E7775007DE158 /* PBXContainerItemProxy */;
		};
		4DABE9BA1C8E7775007DE158 /* PBXTargetDependency */ = {
			isa = PBXTargetDependency;
			target = 4DABE9981C8E7774007DE158 /* SuperCool */;
			targetProxy = 4DABE9B91C8E7775007DE158 /* PBXContainerItemProxy */;
		};
/* End PBXTargetDependency section */

/* Begin PBXVariantGroup section */
		4DABE9A01C8E7775007DE158 /* Main.storyboard */ = {
			isa = PBXVariantGroup;
			children = (
				4DABE9A11C8E7775007DE158 /* Base */,
			);
			name = Main.storyboard;
			sourceTree = "<group>";
		};
		4DABE9A51C8E7775007DE158 /* LaunchScreen.storyboard */ = {
			isa = PBXVariantGroup;
			children = (
				4DABE9A61C8E7775007DE158 /* Base */,
			);
			name = LaunchScreen.storyboard;
			sourceTree = "<group>";
		};
/* End PBXVariantGroup section */

/* Begin XCBuildConfiguration section */
		4DABE9BF1C8E7775007DE158 /* Debug */ = {
			isa = XCBuildConfiguration;
			buildSettings = {
				ALWAYS_SEARCH_USER_PATHS = NO;
				CLANG_CXX_LANGUAGE_STANDARD = "gnu++0x";
				CLANG_CXX_LIBRARY = "libc++";
				CLANG_ENABLE_MODULES = YES;
				CLANG_ENABLE_OBJC_ARC = YES;
				CLANG_WARN_BOOL_CONVERSION = YES;
				CLANG_WARN_CONSTANT_CONVERSION = YES;
				CLANG_WARN_DIRECT_OBJC_ISA_USAGE = YES_ERROR;
				CLANG_WARN_EMPTY_BODY = YES;
				CLANG_WARN_ENUM_CONVERSION = YES;
				CLANG_WARN_INT_CONVERSION = YES;
				CLANG_WARN_OBJC_ROOT_CLASS = YES_ERROR;
				CLANG_WARN_UNREACHABLE_CODE = YES;
				CLANG_WARN__DUPLICATE_METHOD_MATCH = YES;
				"CODE_SIGN_IDENTITY[sdk=iphoneos*]" = "iPhone Developer";
				COPY_PHASE_STRIP = NO;
				DEBUG_INFORMATION_FORMAT = dwarf;
				ENABLE_STRICT_OBJC_MSGSEND = YES;
				ENABLE_TESTABILITY = YES;
				GCC_C_LANGUAGE_STANDARD = gnu99;
				GCC_DYNAMIC_NO_PIC = NO;
				GCC_NO_COMMON_BLOCKS = YES;
				GCC_OPTIMIZATION_LEVEL = 0;
				GCC_PREPROCESSOR_DEFINITIONS = (
					"DEBUG=1",
					"$(inherited)",
				);
				GCC_WARN_64_TO_32_BIT_CONVERSION = YES;
				GCC_WARN_ABOUT_RETURN_TYPE = YES_ERROR;
				GCC_WARN_UNDECLARED_SELECTOR = YES;
				GCC_WARN_UNINITIALIZED_AUTOS = YES_AGGRESSIVE;
				GCC_WARN_UNUSED_FUNCTION = YES;
				GCC_WARN_UNUSED_VARIABLE = YES;
				IPHONEOS_DEPLOYMENT_TARGET = 9.2;
				MTL_ENABLE_DEBUG_INFO = YES;
				ONLY_ACTIVE_ARCH = YES;
				SDKROOT = iphoneos;
				SWIFT_OPTIMIZATION_LEVEL = "-Onone";
			};
			name = Debug;
		};
		4DABE9C01C8E7775007DE158 /* Release */ = {
			isa = XCBuildConfiguration;
			buildSettings = {
				ALWAYS_SEARCH_USER_PATHS = NO;
				CLANG_CXX_LANGUAGE_STANDARD = "gnu++0x";
				CLANG_CXX_LIBRARY = "libc++";
				CLANG_ENABLE_MODULES = YES;
				CLANG_ENABLE_OBJC_ARC = YES;
				CLANG_WARN_BOOL_CONVERSION = YES;
				CLANG_WARN_CONSTANT_CONVERSION = YES;
				CLANG_WARN_DIRECT_OBJC_ISA_USAGE = YES_ERROR;
				CLANG_WARN_EMPTY_BODY = YES;
				CLANG_WARN_ENUM_CONVERSION = YES;
				CLANG_WARN_INT_CONVERSION = YES;
				CLANG_WARN_OBJC_ROOT_CLASS = YES_ERROR;
				CLANG_WARN_UNREACHABLE_CODE = YES;
				CLANG_WARN__DUPLICATE_METHOD_MATCH = YES;
				"CODE_SIGN_IDENTITY[sdk=iphoneos*]" = "iPhone Developer";
				COPY_PHASE_STRIP = NO;
				DEBUG_INFORMATION_FORMAT = "dwarf-with-dsym";
				ENABLE_NS_ASSERTIONS = NO;
				ENABLE_STRICT_OBJC_MSGSEND = YES;
				GCC_C_LANGUAGE_STANDARD = gnu99;
				GCC_NO_COMMON_BLOCKS = YES;
				GCC_WARN_64_TO_32_BIT_CONVERSION = YES;
				GCC_WARN_ABOUT_RETURN_TYPE = YES_ERROR;
				GCC_WARN_UNDECLARED_SELECTOR = YES;
				GCC_WARN_UNINITIALIZED_AUTOS = YES_AGGRESSIVE;
				GCC_WARN_UNUSED_FUNCTION = YES;
				GCC_WARN_UNUSED_VARIABLE = YES;
				IPHONEOS_DEPLOYMENT_TARGET = 9.2;
				MTL_ENABLE_DEBUG_INFO = NO;
				SDKROOT = iphoneos;
				VALIDATE_PRODUCT = YES;
			};
			name = Release;
		};
		4DABE9C21C8E7775007DE158 /* Debug */ = {
			isa = XCBuildConfiguration;
			buildSettings = {
				ASSETCATALOG_COMPILER_APPICON_NAME = AppIcon;
				INFOPLIST_FILE = SuperCool/Info.plist;
				LD_RUNPATH_SEARCH_PATHS = "$(inherited) @executable_path/Frameworks";
				PRODUCT_BUNDLE_IDENTIFIER = Home.SuperCool;
				PRODUCT_NAME = "$(TARGET_NAME)";
			};
			name = Debug;
		};
		4DABE9C31C8E7775007DE158 /* Release */ = {
			isa = XCBuildConfiguration;
			buildSettings = {
				ASSETCATALOG_COMPILER_APPICON_NAME = AppIcon;
				INFOPLIST_FILE = SuperCool/Info.plist;
				LD_RUNPATH_SEARCH_PATHS = "$(inherited) @executable_path/Frameworks";
				PRODUCT_BUNDLE_IDENTIFIER = Home.SuperCool;
				PRODUCT_NAME = "$(TARGET_NAME)";
			};
			name = Release;
		};
		4DABE9C51C8E7775007DE158 /* Debug */ = {
			isa = XCBuildConfiguration;
			buildSettings = {
				BUNDLE_LOADER = "$(TEST_HOST)";
				INFOPLIST_FILE = SuperCoolTests/Info.plist;
				LD_RUNPATH_SEARCH_PATHS = "$(inherited) @executable_path/Frameworks @loader_path/Frameworks";
				PRODUCT_BUNDLE_IDENTIFIER = Home.SuperCoolTests;
				PRODUCT_NAME = "$(TARGET_NAME)";
				TEST_HOST = "$(BUILT_PRODUCTS_DIR)/SuperCool.app/SuperCool";
			};
			name = Debug;
		};
		4DABE9C61C8E7775007DE158 /* Release */ = {
			isa = XCBuildConfiguration;
			buildSettings = {
				BUNDLE_LOADER = "$(TEST_HOST)";
				INFOPLIST_FILE = SuperCoolTests/Info.plist;
				LD_RUNPATH_SEARCH_PATHS = "$(inherited) @executable_path/Frameworks @loader_path/Frameworks";
				PRODUCT_BUNDLE_IDENTIFIER = Home.SuperCoolTests;
				PRODUCT_NAME = "$(TARGET_NAME)";
				TEST_HOST = "$(BUILT_PRODUCTS_DIR)/SuperCool.app/SuperCool";
			};
			name = Release;
		};
		4DABE9C81C8E7775007DE158 /* Debug */ = {
			isa = XCBuildConfiguration;
			buildSettings = {
				INFOPLIST_FILE = SuperCoolUITests/Info.plist;
				LD_RUNPATH_SEARCH_PATHS = "$(inherited) @executable_path/Frameworks @loader_path/Frameworks";
				PRODUCT_BUNDLE_IDENTIFIER = Home.SuperCoolUITests;
				PRODUCT_NAME = "$(TARGET_NAME)";
				TEST_TARGET_NAME = SuperCool;
				USES_XCTRUNNER = YES;
			};
			name = Debug;
		};
		4DABE9C91C8E7775007DE158 /* Release */ = {
			isa = XCBuildConfiguration;
			buildSettings = {
				INFOPLIST_FILE = SuperCoolUITests/Info.plist;
				LD_RUNPATH_SEARCH_PATHS = "$(inherited) @executable_path/Frameworks @loader_path/Frameworks";
				PRODUCT_BUNDLE_IDENTIFIER = Home.SuperCoolUITests;
				PRODUCT_NAME = "$(TARGET_NAME)";
				TEST_TARGET_NAME = SuperCool;
				USES_XCTRUNNER = YES;
			};
			name = Release;
		};
/* End XCBuildConfiguration section */

/* Begin XCConfigurationList section */
		4DABE9941C8E7774007DE158 /* Build configuration list for PBXProject "SuperCool" */ = {
			isa = XCConfigurationList;
			buildConfigurations = (
				4DABE9BF1C8E7775007DE158 /* Debug */,
				4DABE9C01C8E7775007DE158 /* Release */,
			);
			defaultConfigurationIsVisible = 0;
			defaultConfigurationName = Release;
		};
		4DABE9C11C8E7775007DE158 /* Build configuration list for PBXNativeTarget "SuperCool" */ = {
			isa = XCConfigurationList;
			buildConfigurations = (
				4DABE9C21C8E7775007DE158 /* Debug */,
				4DABE9C31C8E7775007DE158 /* Release */,
			);
			defaultConfigurationIsVisible = 0;
		};
		4DABE9C41C8E7775007DE158 /* Build configuration list for PBXNativeTarget "SuperCoolTests" */ = {
			isa = XCConfigurationList;
			buildConfigurations = (
				4DABE9C51C8E7775007DE158 /* Debug */,
				4DABE9C61C8E7775007DE158 /* Release */,
			);
			defaultConfigurationIsVisible = 0;
		};
		4DABE9C71C8E7775007DE158 /* Build configuration list for PBXNativeTarget "SuperCoolUITests" */ = {
			isa = XCConfigurationList;
			buildConfigurations = (
				4DABE9C81C8E7775007DE158 /* Debug */,
				4DABE9C91C8E7775007DE158 /* Release */,
			);
			defaultConfigurationIsVisible = 0;
		};
/* End XCConfigurationList section */
	};
	rootObject = 4DABE9911C8E7774007DE158 /* Project object */;
}
